{
  "pins" : [
    {
      "identity" : "raylib",
      "kind" : "remoteSourceControl",
      "location" : "https://github.com/STREGAsGate/Raylib.git",
      "state" : {
        "branch" : "master",
        "revision" : "65eb7c5b699c7fe1078b13d7fa87e4871b57943e"
      }
    }
  ],
  "version" : 2
}
